
Microsoft Visual Studio Solution File, Format Version 12.00
# Visual Studio Version 17
VisualStudioVersion = 17.11.35327.3
MinimumVisualStudioVersion = 10.0.40219.1
Project("{FAE04EC0-301F-11D3-BF4B-00C04F79EFBC}") = "AdMeet", "AdMeet\AdMeet.csproj", "{809431A0-DE0E-4443-BB7E-9676B97764E1}"
EndProject
Global
	GlobalSection(SolutionConfigurationPlatforms) = preSolution
		Debug|Any CPU = Debug|Any CPU
		Release|Any CPU = Release|Any CPU
	EndGlobalSection
	GlobalSection(ProjectConfigurationPlatforms) = postSolution
		{809431A0-DE0E-4443-BB7E-9676B97764E1}.Debug|Any CPU.ActiveCfg = Debug|Any CPU
		{809431A0-DE0E-4443-BB7E-9676B97764E1}.Debug|Any CPU.Build.0 = Debug|Any CPU
		{809431A0-DE0E-4443-BB7E-9676B97764E1}.Release|Any CPU.ActiveCfg = Release|Any CPU
		{809431A0-DE0E-4443-BB7E-9676B97764E1}.Release|Any CPU.Build.0 = Release|Any CPU
	EndGlobalSection
	GlobalSection(SolutionProperties) = preSolution
		HideSolutionNode = FALSE
	EndGlobalSection
	GlobalSection(ExtensibilityGlobals) = postSolution
		SolutionGuid = {DD6D5AB6-995D-4CA1-92E7-763D0424BEA2}
	EndGlobalSection
EndGlobal
